// !$*UTF8*$!
{
	archiveVersion = 1;
	classes = {
	};
	objectVersion = 46;
	objects = {

/* Begin PBXBuildFile section */
		C72286AF1E77046A00C5D882 /* PlayRecordingViewController+Audio.swift in Sources */ = {isa = PBXBuildFile; fileRef = C72286AE1E77046A00C5D882 /* PlayRecordingViewController+Audio.swift */; };
		C75BE87F1E75DABB0000B5CB /* PlayRecordingViewController.swift in Sources */ = {isa = PBXBuildFile; fileRef = C75BE87E1E75DABB0000B5CB /* PlayRecordingViewController.swift */; };
		C772419E1E75D37600F78431 /* AppDelegate.swift in Sources */ = {isa = PBXBuildFile; fileRef = C772419D1E75D37600F78431 /* AppDelegate.swift */; };
		C77241A01E75D37600F78431 /* RecordingViewController.swift in Sources */ = {isa = PBXBuildFile; fileRef = C772419F1E75D37600F78431 /* RecordingViewController.swift */; };
		C77241A31E75D37600F78431 /* Main.storyboard in Resources */ = {isa = PBXBuildFile; fileRef = C77241A11E75D37600F78431 /* Main.storyboard */; };
		C77241A51E75D37600F78431 /* Assets.xcassets in Resources */ = {isa = PBXBuildFile; fileRef = C77241A41E75D37600F78431 /* Assets.xcassets */; };
		C77241A81E75D37600F78431 /* LaunchScreen.storyboard in Resources */ = {isa = PBXBuildFile; fileRef = C77241A61E75D37600F78431 /* LaunchScreen.storyboard */; };
/* End PBXBuildFile section */

/* Begin PBXFileReference section */
		C72286AE1E77046A00C5D882 /* PlayRecordingViewController+Audio.swift */ = {isa = PBXFileReference; fileEncoding = 4; lastKnownFileType = sourcecode.swift; path = "PlayRecordingViewController+Audio.swift"; sourceTree = "<group>"; };
		C75BE87E1E75DABB0000B5CB /* PlayRecordingViewController.swift */ = {isa = PBXFileReference; fileEncoding = 4; lastKnownFileType = sourcecode.swift; path = PlayRecordingViewController.swift; sourceTree = "<group>"; };
		C772419A1E75D37600F78431 /* PitchPerfect.app */ = {isa = PBXFileReference; explicitFileType = wrapper.application; includeInIndex = 0; path = PitchPerfect.app; sourceTree = BUILT_PRODUCTS_DIR; };
		C772419D1E75D37600F78431 /* AppDelegate.swift */ = {isa = PBXFileReference; lastKnownFileType = sourcecode.swift; path = AppDelegate.swift; sourceTree = "<group>"; };
		C772419F1E75D37600F78431 /* RecordingViewController.swift */ = {isa = PBXFileReference; lastKnownFileType = sourcecode.swift; path = RecordingViewController.swift; sourceTree = "<group>"; };
		C77241A21E75D37600F78431 /* Base */ = {isa = PBXFileReference; lastKnownFileType = file.storyboard; name = Base; path = Base.lproj/Main.storyboard; sourceTree = "<group>"; };
		C77241A41E75D37600F78431 /* Assets.xcassets */ = {isa = PBXFileReference; lastKnownFileType = folder.assetcatalog; path = Assets.xcassets; sourceTree = "<group>"; };
		C77241A71E75D37600F78431 /* Base */ = {isa = PBXFileReference; lastKnownFileType = file.storyboard; name = Base; path = Base.lproj/LaunchScreen.storyboard; sourceTree = "<group>"; };
		C77241A91E75D37600F78431 /* Info.plist */ = {isa = PBXFileReference; lastKnownFileType = text.plist.xml; path = Info.plist; sourceTree = "<group>"; };
/* End PBXFileReference section */

/* Begin PBXFrameworksBuildPhase section */
		C77241971E75D37500F78431 /* Frameworks */ = {
			isa = PBXFrameworksBuildPhase;
			buildActionMask = 2147483647;
			files = (
			);
			runOnlyForDeploymentPostprocessing = 0;
		};
/* End PBXFrameworksBuildPhase section */

/* Begin PBXGroup section */
		C77241911E75D37500F78431 = {
			isa = PBXGroup;
			children = (
				C772419C1E75D37600F78431 /* PitchPerfect */,
				C772419B1E75D37600F78431 /* Products */,
			);
			sourceTree = "<group>";
		};
		C772419B1E75D37600F78431 /* Products */ = {
			isa = PBXGroup;
			children = (
				C772419A1E75D37600F78431 /* PitchPerfect.app */,
			);
			name = Products;
			sourceTree = "<group>";
		};
		C772419C1E75D37600F78431 /* PitchPerfect */ = {
			isa = PBXGroup;
			children = (
				C772419D1E75D37600F78431 /* AppDelegate.swift */,
				C772419F1E75D37600F78431 /* RecordingViewController.swift */,
				C77241A11E75D37600F78431 /* Main.storyboard */,
				C77241A41E75D37600F78431 /* Assets.xcassets */,
				C77241A61E75D37600F78431 /* LaunchScreen.storyboard */,
				C77241A91E75D37600F78431 /* Info.plist */,
				C75BE87E1E75DABB0000B5CB /* PlayRecordingViewController.swift */,
				C72286AE1E77046A00C5D882 /* PlayRecordingViewController+Audio.swift */,
			);
			path = PitchPerfect;
			sourceTree = "<group>";
		};
/* End PBXGroup section */

/* Begin PBXNativeTarget section */
		C77241991E75D37500F78431 /* PitchPerfect */ = {
			isa = PBXNativeTarget;
			buildConfigurationList = C77241AC1E75D37600F78431 /* Build configuration list for PBXNativeTarget "PitchPerfect" */;
			buildPhases = (
				C77241961E75D37500F78431 /* Sources */,
				C77241971E75D37500F78431 /* Frameworks */,
				C77241981E75D37500F78431 /* Resources */,
			);
			buildRules = (
			);
			dependencies = (
			);
			name = PitchPerfect;
			productName = PitchPerfect;
			productReference = C772419A1E75D37600F78431 /* PitchPerfect.app */;
			productType = "com.apple.product-type.application";
		};
/* End PBXNativeTarget section */

/* Begin PBXProject section */
		C77241921E75D37500F78431 /* Project object */ = {
			isa = PBXProject;
			attributes = {
				LastSwiftUpdateCheck = 0820;
				LastUpgradeCheck = 0820;
				ORGANIZATIONNAME = YuyangHe;
				TargetAttributes = {
					C77241991E75D37500F78431 = {
						CreatedOnToolsVersion = 8.2.1;
						ProvisioningStyle = Automatic;
					};
				};
			};
			buildConfigurationList = C77241951E75D37500F78431 /* Build configuration list for PBXProject "PitchPerfect" */;
			compatibilityVersion = "Xcode 3.2";
			developmentRegion = English;
			hasScannedForEncodings = 0;
			knownRegions = (
				en,
				Base,
			);
			mainGroup = C77241911E75D37500F78431;
			productRefGroup = C772419B1E75D37600F78431 /* Products */;
			projectDirPath = "";
			projectRoot = "";
			targets = (
				C77241991E75D37500F78431 /* PitchPerfect */,
			);
		};
/* End PBXProject section */

/* Begin PBXResourcesBuildPhase section */
		C77241981E75D37500F78431 /* Resources */ = {
			isa = PBXResourcesBuildPhase;
			buildActionMask = 2147483647;
			files = (
				C77241A81E75D37600F78431 /* LaunchScreen.storyboard in Resources */,
				C77241A51E75D37600F78431 /* Assets.xcassets in Resources */,
				C77241A31E75D37600F78431 /* Main.storyboard in Resources */,
			);
			runOnlyForDeploymentPostprocessing = 0;
		};
/* End PBXResourcesBuildPhase section */

/* Begin PBXSourcesBuildPhase section */
		C77241961E75D37500F78431 /* Sources */ = {
			isa = PBXSourcesBuildPhase;
			buildActionMask = 2147483647;
			files = (
				C75BE87F1E75DABB0000B5CB /* PlayRecordingViewController.swift in Sources */,
				C72286AF1E77046A00C5D882 /* PlayRecordingViewController+Audio.swift in Sources */,
				C77241A01E75D37600F78431 /* RecordingViewController.swift in Sources */,
				C772419E1E75D37600F78431 /* AppDelegate.swift in Sources */,
			);
			runOnlyForDeploymentPostprocessing = 0;
		};
/* End PBXSourcesBuildPhase section */

/* Begin PBXVariantGroup section */
		C77241A11E75D37600F78431 /* Main.storyboard */ = {
			isa = PBXVariantGroup;
			children = (
				C77241A21E75D37600F78431 /* Base */,
			);
			name = Main.storyboard;
			sourceTree = "<group>";
		};
		C77241A61E75D37600F78431 /* LaunchScreen.storyboard */ = {
			isa = PBXVariantGroup;
			children = (
				C77241A71E75D37600F78431 /* Base */,
			);
			name = LaunchScreen.storyboard;
			sourceTree = "<group>";
		};
/* End PBXVariantGroup section */

/* Begin XCBuildConfiguration section */
		C77241AA1E75D37600F78431 /* Debug */ = {
			isa = XCBuildConfiguration;
			buildSettings = {
				ALWAYS_SEARCH_USER_PATHS = NO;
				CLANG_ANALYZER_NONNULL = YES;
				CLANG_CXX_LANGUAGE_STANDARD = "gnu++0x";
				CLANG_CXX_LIBRARY = "libc++";
				CLANG_ENABLE_MODULES = YES;
				CLANG_ENABLE_OBJC_ARC = YES;
				CLANG_WARN_BOOL_CONVERSION = YES;
				CLANG_WARN_CONSTANT_CONVERSION = YES;
				CLANG_WARN_DIRECT_OBJC_ISA_USAGE = YES_ERROR;
				CLANG_WARN_DOCUMENTATION_COMMENTS = YES;
				CLANG_WARN_EMPTY_BODY = YES;
				CLANG_WARN_ENUM_CONVERSION = YES;
				CLANG_WARN_INFINITE_RECURSION = YES;
				CLANG_WARN_INT_CONVERSION = YES;
				CLANG_WARN_OBJC_ROOT_CLASS = YES_ERROR;
				CLANG_WARN_SUSPICIOUS_MOVE = YES;
				CLANG_WARN_UNREACHABLE_CODE = YES;
				CLANG_WARN__DUPLICATE_METHOD_MATCH = YES;
				"CODE_SIGN_IDENTITY[sdk=iphoneos*]" = "iPhone Developer";
				COPY_PHASE_STRIP = NO;
				DEBUG_INFORMATION_FORMAT = dwarf;
				ENABLE_STRICT_OBJC_MSGSEND = YES;
				ENABLE_TESTABILITY = YES;
				GCC_C_LANGUAGE_STANDARD = gnu99;
				GCC_DYNAMIC_NO_PIC = NO;
				GCC_NO_COMMON_BLOCKS = YES;
				GCC_OPTIMIZATION_LEVEL = 0;
				GCC_PREPROCESSOR_DEFINITIONS = (
					"DEBUG=1",
					"$(inherited)",
				);
				GCC_WARN_64_TO_32_BIT_CONVERSION = YES;
				GCC_WARN_ABOUT_RETURN_TYPE = YES_ERROR;
				GCC_WARN_UNDECLARED_SELECTOR = YES;
				GCC_WARN_UNINITIALIZED_AUTOS = YES_AGGRESSIVE;
				GCC_WARN_UNUSED_FUNCTION = YES;
				GCC_WARN_UNUSED_VARIABLE = YES;
				IPHONEOS_DEPLOYMENT_TARGET = 10.2;
				MTL_ENABLE_DEBUG_INFO = YES;
				ONLY_ACTIVE_ARCH = YES;
				SDKROOT = iphoneos;
				SWIFT_ACTIVE_COMPILATION_CONDITIONS = DEBUG;
				SWIFT_OPTIMIZATION_LEVEL = "-Onone";
				TARGETED_DEVICE_FAMILY = "1,2";
			};
			name = Debug;
		};
		C77241AB1E75D37600F78431 /* Release */ = {
			isa = XCBuildConfiguration;
			buildSettings = {
				ALWAYS_SEARCH_USER_PATHS = NO;
				CLANG_ANALYZER_NONNULL = YES;
				CLANG_CXX_LANGUAGE_STANDARD = "gnu++0x";
				CLANG_CXX_LIBRARY = "libc++";
				CLANG_ENABLE_MODULES = YES;
				CLANG_ENABLE_OBJC_ARC = YES;
				CLANG_WARN_BOOL_CONVERSION = YES;
				CLANG_WARN_CONSTANT_CONVERSION = YES;
				CLANG_WARN_DIRECT_OBJC_ISA_USAGE = YES_ERROR;
				CLANG_WARN_DOCUMENTATION_COMMENTS = YES;
				CLANG_WARN_EMPTY_BODY = YES;
				CLANG_WARN_ENUM_CONVERSION = YES;
				CLANG_WARN_INFINITE_RECURSION = YES;
				CLANG_WARN_INT_CONVERSION = YES;
				CLANG_WARN_OBJC_ROOT_CLASS = YES_ERROR;
				CLANG_WARN_SUSPICIOUS_MOVE = YES;
				CLANG_WARN_UNREACHABLE_CODE = YES;
				CLANG_WARN__DUPLICATE_METHOD_MATCH = YES;
				"CODE_SIGN_IDENTITY[sdk=iphoneos*]" = "iPhone Developer";
				COPY_PHASE_STRIP = NO;
				DEBUG_INFORMATION_FORMAT = "dwarf-with-dsym";
				ENABLE_NS_ASSERTIONS = NO;
				ENABLE_STRICT_OBJC_MSGSEND = YES;
				GCC_C_LANGUAGE_STANDARD = gnu99;
				GCC_NO_COMMON_BLOCKS = YES;
				GCC_WARN_64_TO_32_BIT_CONVERSION = YES;
				GCC_WARN_ABOUT_RETURN_TYPE = YES_ERROR;
				GCC_WARN_UNDECLARED_SELECTOR = YES;
				GCC_WARN_UNINITIALIZED_AUTOS = YES_AGGRESSIVE;
				GCC_WARN_UNUSED_FUNCTION = YES;
				GCC_WARN_UNUSED_VARIABLE = YES;
				IPHONEOS_DEPLOYMENT_TARGET = 10.2;
				MTL_ENABLE_DEBUG_INFO = NO;
				SDKROOT = iphoneos;
				SWIFT_OPTIMIZATION_LEVEL = "-Owholemodule";
				TARGETED_DEVICE_FAMILY = "1,2";
				VALIDATE_PRODUCT = YES;
			};
			name = Release;
		};
		C77241AD1E75D37600F78431 /* Debug */ = {
			isa = XCBuildConfiguration;
			buildSettings = {
				ASSETCATALOG_COMPILER_APPICON_NAME = AppIcon;
				INFOPLIST_FILE = PitchPerfect/Info.plist;
				IPHONEOS_DEPLOYMENT_TARGET = 9.0;
				LD_RUNPATH_SEARCH_PATHS = "$(inherited) @executable_path/Frameworks";
				PRODUCT_BUNDLE_IDENTIFIER = bid.yuyang.PitchPerfect;
				PRODUCT_NAME = "$(TARGET_NAME)";
				SWIFT_VERSION = 3.0;
			};
			name = Debug;
		};
		C77241AE1E75D37600F78431 /* Release */ = {
			isa = XCBuildConfiguration;
			buildSettings = {
				ASSETCATALOG_COMPILER_APPICON_NAME = AppIcon;
				INFOPLIST_FILE = PitchPerfect/Info.plist;
				IPHONEOS_DEPLOYMENT_TARGET = 9.0;
				LD_RUNPATH_SEARCH_PATHS = "$(inherited) @executable_path/Frameworks";
				PRODUCT_BUNDLE_IDENTIFIER = bid.yuyang.PitchPerfect;
				PRODUCT_NAME = "$(TARGET_NAME)";
				SWIFT_VERSION = 3.0;
			};
			name = Release;
		};
/* End XCBuildConfiguration section */

/* Begin XCConfigurationList section */
		C77241951E75D37500F78431 /* Build configuration list for PBXProject "PitchPerfect" */ = {
			isa = XCConfigurationList;
			buildConfigurations = (
				C77241AA1E75D37600F78431 /* Debug */,
				C77241AB1E75D37600F78431 /* Release */,
			);
			defaultConfigurationIsVisible = 0;
			defaultConfigurationName = Release;
		};
		C77241AC1E75D37600F78431 /* Build configuration list for PBXNativeTarget "PitchPerfect" */ = {
			isa = XCConfigurationList;
			buildConfigurations = (
				C77241AD1E75D37600F78431 /* Debug */,
				C77241AE1E75D37600F78431 /* Release */,
			);
			defaultConfigurationIsVisible = 0;
			defaultConfigurationName = Release;
		};
/* End XCConfigurationList section */
	};
	rootObject = C77241921E75D37500F78431 /* Project object */;
}
